
Microsoft Visual Studio Solution File, Format Version 12.00
# Visual Studio 15
VisualStudioVersion = 15.0.28307.438
MinimumVisualStudioVersion = 10.0.40219.1
Project("{8BC9CEB8-8B4A-11D0-8D11-00A0C91BC942}") = "가계부 프로그램", "가계부 프로그램\가계부 프로그램.vcxproj", "{70019F87-19A1-4209-8DEB-8DCC0FC1E1AF}"
EndProject
Global
	GlobalSection(SolutionConfigurationPlatforms) = preSolution
		Debug|x64 = Debug|x64
		Debug|x86 = Debug|x86
		Release|x64 = Release|x64
		Release|x86 = Release|x86
	EndGlobalSection
	GlobalSection(ProjectConfigurationPlatforms) = postSolution
		{70019F87-19A1-4209-8DEB-8DCC0FC1E1AF}.Debug|x64.ActiveCfg = Debug|x64
		{70019F87-19A1-4209-8DEB-8DCC0FC1E1AF}.Debug|x64.Build.0 = Debug|x64
		{70019F87-19A1-4209-8DEB-8DCC0FC1E1AF}.Debug|x86.ActiveCfg = Debug|Win32
		{70019F87-19A1-4209-8DEB-8DCC0FC1E1AF}.Debug|x86.Build.0 = Debug|Win32
		{70019F87-19A1-4209-8DEB-8DCC0FC1E1AF}.Release|x64.ActiveCfg = Release|x64
		{70019F87-19A1-4209-8DEB-8DCC0FC1E1AF}.Release|x64.Build.0 = Release|x64
		{70019F87-19A1-4209-8DEB-8DCC0FC1E1AF}.Release|x86.ActiveCfg = Release|Win32
		{70019F87-19A1-4209-8DEB-8DCC0FC1E1AF}.Release|x86.Build.0 = Release|Win32
	EndGlobalSection
	GlobalSection(SolutionProperties) = preSolution
		HideSolutionNode = FALSE
	EndGlobalSection
	GlobalSection(ExtensibilityGlobals) = postSolution
		SolutionGuid = {28D08C05-1F58-4EB0-A503-B68DEFB8C82B}
	EndGlobalSection
EndGlobal
